
Microsoft Visual Studio Solution File, Format Version 12.00
# Visual Studio Version 16
VisualStudioVersion = 16.0.30717.126
MinimumVisualStudioVersion = 10.0.40219.1
Project("{FAE04EC0-301F-11D3-BF4B-00C04F79EFBC}") = "WindowsFormsApp1", "WindowsFormsApp1\WindowsFormsApp1.csproj", "{F1FDE295-1D28-451E-B6C5-180E3D63D4D6}"
EndProject
Global
	GlobalSection(SolutionConfigurationPlatforms) = preSolution
		Debug|Any CPU = Debug|Any CPU
		Release|Any CPU = Release|Any CPU
	EndGlobalSection
	GlobalSection(ProjectConfigurationPlatforms) = postSolution
		{F1FDE295-1D28-451E-B6C5-180E3D63D4D6}.Debug|Any CPU.ActiveCfg = Debug|Any CPU
		{F1FDE295-1D28-451E-B6C5-180E3D63D4D6}.Debug|Any CPU.Build.0 = Debug|Any CPU
		{F1FDE295-1D28-451E-B6C5-180E3D63D4D6}.Release|Any CPU.ActiveCfg = Release|Any CPU
		{F1FDE295-1D28-451E-B6C5-180E3D63D4D6}.Release|Any CPU.Build.0 = Release|Any CPU
	EndGlobalSection
	GlobalSection(SolutionProperties) = preSolution
		HideSolutionNode = FALSE
	EndGlobalSection
	GlobalSection(ExtensibilityGlobals) = postSolution
		SolutionGuid = {AC2BE156-5CB8-40B7-8133-EA6BF73A15A1}
	EndGlobalSection
EndGlobal
