
Microsoft Visual Studio Solution File, Format Version 12.00
# Visual Studio Version 16
VisualStudioVersion = 16.0.30907.101
MinimumVisualStudioVersion = 10.0.40219.1
Project("{FAE04EC0-301F-11D3-BF4B-00C04F79EFBC}") = "Task1", "Task1\Task1.csproj", "{403D4985-DCAB-4CB7-9AE2-C3E6A9C325D1}"
EndProject
Project("{FAE04EC0-301F-11D3-BF4B-00C04F79EFBC}") = "Task2", "Task2\Task2.csproj", "{43E7DEE7-FB61-4D44-B721-DA4C8EC09126}"
EndProject
Global
	GlobalSection(SolutionConfigurationPlatforms) = preSolution
		Debug|Any CPU = Debug|Any CPU
		Release|Any CPU = Release|Any CPU
	EndGlobalSection
	GlobalSection(ProjectConfigurationPlatforms) = postSolution
		{403D4985-DCAB-4CB7-9AE2-C3E6A9C325D1}.Debug|Any CPU.ActiveCfg = Debug|Any CPU
		{403D4985-DCAB-4CB7-9AE2-C3E6A9C325D1}.Debug|Any CPU.Build.0 = Debug|Any CPU
		{403D4985-DCAB-4CB7-9AE2-C3E6A9C325D1}.Release|Any CPU.ActiveCfg = Release|Any CPU
		{403D4985-DCAB-4CB7-9AE2-C3E6A9C325D1}.Release|Any CPU.Build.0 = Release|Any CPU
		{43E7DEE7-FB61-4D44-B721-DA4C8EC09126}.Debug|Any CPU.ActiveCfg = Debug|Any CPU
		{43E7DEE7-FB61-4D44-B721-DA4C8EC09126}.Debug|Any CPU.Build.0 = Debug|Any CPU
		{43E7DEE7-FB61-4D44-B721-DA4C8EC09126}.Release|Any CPU.ActiveCfg = Release|Any CPU
		{43E7DEE7-FB61-4D44-B721-DA4C8EC09126}.Release|Any CPU.Build.0 = Release|Any CPU
	EndGlobalSection
	GlobalSection(SolutionProperties) = preSolution
		HideSolutionNode = FALSE
	EndGlobalSection
	GlobalSection(ExtensibilityGlobals) = postSolution
		SolutionGuid = {F1B35D76-0218-466D-8D03-414AA6B329D4}
	EndGlobalSection
EndGlobal
