
Microsoft Visual Studio Solution File, Format Version 12.00
# Visual Studio Version 16
VisualStudioVersion = 16.0.30907.101
MinimumVisualStudioVersion = 10.0.40219.1
Project("{FAE04EC0-301F-11D3-BF4B-00C04F79EFBC}") = "Task1", "Task1\Task1.csproj", "{5FE95185-A9CB-4FFC-9EDF-33659FB4539C}"
EndProject
Project("{FAE04EC0-301F-11D3-BF4B-00C04F79EFBC}") = "Task1.Tests", "Task1.Tests\Task1.Tests.csproj", "{A390EE96-C5AA-454A-AB71-04019B2359BE}"
EndProject
Global
	GlobalSection(SolutionConfigurationPlatforms) = preSolution
		Debug|Any CPU = Debug|Any CPU
		Release|Any CPU = Release|Any CPU
	EndGlobalSection
	GlobalSection(ProjectConfigurationPlatforms) = postSolution
		{5FE95185-A9CB-4FFC-9EDF-33659FB4539C}.Debug|Any CPU.ActiveCfg = Debug|Any CPU
		{5FE95185-A9CB-4FFC-9EDF-33659FB4539C}.Debug|Any CPU.Build.0 = Debug|Any CPU
		{5FE95185-A9CB-4FFC-9EDF-33659FB4539C}.Release|Any CPU.ActiveCfg = Release|Any CPU
		{5FE95185-A9CB-4FFC-9EDF-33659FB4539C}.Release|Any CPU.Build.0 = Release|Any CPU
		{A390EE96-C5AA-454A-AB71-04019B2359BE}.Debug|Any CPU.ActiveCfg = Debug|Any CPU
		{A390EE96-C5AA-454A-AB71-04019B2359BE}.Debug|Any CPU.Build.0 = Debug|Any CPU
		{A390EE96-C5AA-454A-AB71-04019B2359BE}.Release|Any CPU.ActiveCfg = Release|Any CPU
		{A390EE96-C5AA-454A-AB71-04019B2359BE}.Release|Any CPU.Build.0 = Release|Any CPU
	EndGlobalSection
	GlobalSection(SolutionProperties) = preSolution
		HideSolutionNode = FALSE
	EndGlobalSection
	GlobalSection(ExtensibilityGlobals) = postSolution
		SolutionGuid = {B636FBCB-2268-44E0-B53D-DCDA5EE91F6C}
	EndGlobalSection
EndGlobal
