
Microsoft Visual Studio Solution File, Format Version 12.00
# Visual Studio Version 16
VisualStudioVersion = 16.0.30717.126
MinimumVisualStudioVersion = 10.0.40219.1
Project("{9A19103F-16F7-4668-BE54-9A1E7A4F7556}") = "ConsoleApp", "ConsoleApp\ConsoleApp.csproj", "{03FC7D2E-10BB-46F5-8F75-5D132688C0D0}"
EndProject
Project("{9A19103F-16F7-4668-BE54-9A1E7A4F7556}") = "ConsoleAppTest", "ConsoleAppTest\ConsoleAppTest.csproj", "{C63A9C11-5A8B-4F9B-821C-32384CAFB8A2}"
EndProject
Global
	GlobalSection(SolutionConfigurationPlatforms) = preSolution
		Debug|Any CPU = Debug|Any CPU
		Release|Any CPU = Release|Any CPU
	EndGlobalSection
	GlobalSection(ProjectConfigurationPlatforms) = postSolution
		{03FC7D2E-10BB-46F5-8F75-5D132688C0D0}.Debug|Any CPU.ActiveCfg = Debug|Any CPU
		{03FC7D2E-10BB-46F5-8F75-5D132688C0D0}.Debug|Any CPU.Build.0 = Debug|Any CPU
		{03FC7D2E-10BB-46F5-8F75-5D132688C0D0}.Release|Any CPU.ActiveCfg = Release|Any CPU
		{03FC7D2E-10BB-46F5-8F75-5D132688C0D0}.Release|Any CPU.Build.0 = Release|Any CPU
		{C63A9C11-5A8B-4F9B-821C-32384CAFB8A2}.Debug|Any CPU.ActiveCfg = Debug|Any CPU
		{C63A9C11-5A8B-4F9B-821C-32384CAFB8A2}.Debug|Any CPU.Build.0 = Debug|Any CPU
		{C63A9C11-5A8B-4F9B-821C-32384CAFB8A2}.Release|Any CPU.ActiveCfg = Release|Any CPU
		{C63A9C11-5A8B-4F9B-821C-32384CAFB8A2}.Release|Any CPU.Build.0 = Release|Any CPU
	EndGlobalSection
	GlobalSection(SolutionProperties) = preSolution
		HideSolutionNode = FALSE
	EndGlobalSection
	GlobalSection(ExtensibilityGlobals) = postSolution
		SolutionGuid = {D312ADE2-3A71-4AC8-885F-1C202B68B46B}
	EndGlobalSection
EndGlobal
